
Microsoft Visual Studio Solution File, Format Version 12.00
# Visual Studio 15
VisualStudioVersion = 15.0.27130.2020
MinimumVisualStudioVersion = 10.0.40219.1
Project("{FAE04EC0-301F-11D3-BF4B-00C04F79EFBC}") = "TaskBook", "TaskBook\TaskBook.csproj", "{531C9868-C1BA-4626-81A0-8CA5A779F559}"
EndProject
Global
	GlobalSection(SolutionConfigurationPlatforms) = preSolution
		Debug|Any CPU = Debug|Any CPU
		Release|Any CPU = Release|Any CPU
	EndGlobalSection
	GlobalSection(ProjectConfigurationPlatforms) = postSolution
		{531C9868-C1BA-4626-81A0-8CA5A779F559}.Debug|Any CPU.ActiveCfg = Debug|Any CPU
		{531C9868-C1BA-4626-81A0-8CA5A779F559}.Debug|Any CPU.Build.0 = Debug|Any CPU
		{531C9868-C1BA-4626-81A0-8CA5A779F559}.Release|Any CPU.ActiveCfg = Release|Any CPU
		{531C9868-C1BA-4626-81A0-8CA5A779F559}.Release|Any CPU.Build.0 = Release|Any CPU
	EndGlobalSection
	GlobalSection(SolutionProperties) = preSolution
		HideSolutionNode = FALSE
	EndGlobalSection
	GlobalSection(ExtensibilityGlobals) = postSolution
		SolutionGuid = {EDAEBA91-EFC0-494E-8FD2-3A83E4C00C3E}
	EndGlobalSection
EndGlobal
