
Microsoft Visual Studio Solution File, Format Version 12.00
# Visual Studio 15
VisualStudioVersion = 15.0.27130.2020
MinimumVisualStudioVersion = 10.0.40219.1
Project("{FAE04EC0-301F-11D3-BF4B-00C04F79EFBC}") = "TaskPerson", "TaskPerson\TaskPerson.csproj", "{62D95206-5525-414B-86C1-5D1B75A79100}"
EndProject
Global
	GlobalSection(SolutionConfigurationPlatforms) = preSolution
		Debug|Any CPU = Debug|Any CPU
		Release|Any CPU = Release|Any CPU
	EndGlobalSection
	GlobalSection(ProjectConfigurationPlatforms) = postSolution
		{62D95206-5525-414B-86C1-5D1B75A79100}.Debug|Any CPU.ActiveCfg = Debug|Any CPU
		{62D95206-5525-414B-86C1-5D1B75A79100}.Debug|Any CPU.Build.0 = Debug|Any CPU
		{62D95206-5525-414B-86C1-5D1B75A79100}.Release|Any CPU.ActiveCfg = Release|Any CPU
		{62D95206-5525-414B-86C1-5D1B75A79100}.Release|Any CPU.Build.0 = Release|Any CPU
	EndGlobalSection
	GlobalSection(SolutionProperties) = preSolution
		HideSolutionNode = FALSE
	EndGlobalSection
	GlobalSection(ExtensibilityGlobals) = postSolution
		SolutionGuid = {1FD9F4E2-B197-4F55-A2D8-879C1932E135}
	EndGlobalSection
EndGlobal
